
Microsoft Visual Studio Solution File, Format Version 12.00
# Visual Studio Version 17
VisualStudioVersion = 17.5.002.0
MinimumVisualStudioVersion = 10.0.40219.1
Project("{9A19103F-16F7-4668-BE54-9A1E7A4F7556}") = "Exercício Média alunos = Foreach", "Exercício Média alunos = Foreach.csproj", "{EF4BEC3F-A424-4BF0-9F4F-819FC01451FD}"
EndProject
Global
	GlobalSection(SolutionConfigurationPlatforms) = preSolution
		Debug|Any CPU = Debug|Any CPU
		Release|Any CPU = Release|Any CPU
	EndGlobalSection
	GlobalSection(ProjectConfigurationPlatforms) = postSolution
		{EF4BEC3F-A424-4BF0-9F4F-819FC01451FD}.Debug|Any CPU.ActiveCfg = Debug|Any CPU
		{EF4BEC3F-A424-4BF0-9F4F-819FC01451FD}.Debug|Any CPU.Build.0 = Debug|Any CPU
		{EF4BEC3F-A424-4BF0-9F4F-819FC01451FD}.Release|Any CPU.ActiveCfg = Release|Any CPU
		{EF4BEC3F-A424-4BF0-9F4F-819FC01451FD}.Release|Any CPU.Build.0 = Release|Any CPU
	EndGlobalSection
	GlobalSection(SolutionProperties) = preSolution
		HideSolutionNode = FALSE
	EndGlobalSection
	GlobalSection(ExtensibilityGlobals) = postSolution
		SolutionGuid = {B091785B-6979-4C2D-B5EC-B8D118D10DE3}
	EndGlobalSection
EndGlobal
