
Microsoft Visual Studio Solution File, Format Version 12.00
# Visual Studio Version 17
VisualStudioVersion = 17.9.34723.18
MinimumVisualStudioVersion = 10.0.40219.1
Project("{FAE04EC0-301F-11D3-BF4B-00C04F79EFBC}") = "Livros", "Livros.csproj", "{85E51E75-2551-406C-B20F-AEAB06E9FDB2}"
EndProject
Project("{FAE04EC0-301F-11D3-BF4B-00C04F79EFBC}") = "LivrosUnitTest", "..\LivrosUnitTest\LivrosUnitTest.csproj", "{57D1F5EF-346B-4AD8-ACCF-C208D9F5EC51}"
EndProject
Global
	GlobalSection(SolutionConfigurationPlatforms) = preSolution
		Debug|Any CPU = Debug|Any CPU
		Release|Any CPU = Release|Any CPU
	EndGlobalSection
	GlobalSection(ProjectConfigurationPlatforms) = postSolution
		{85E51E75-2551-406C-B20F-AEAB06E9FDB2}.Debug|Any CPU.ActiveCfg = Debug|Any CPU
		{85E51E75-2551-406C-B20F-AEAB06E9FDB2}.Debug|Any CPU.Build.0 = Debug|Any CPU
		{85E51E75-2551-406C-B20F-AEAB06E9FDB2}.Release|Any CPU.ActiveCfg = Release|Any CPU
		{85E51E75-2551-406C-B20F-AEAB06E9FDB2}.Release|Any CPU.Build.0 = Release|Any CPU
		{57D1F5EF-346B-4AD8-ACCF-C208D9F5EC51}.Debug|Any CPU.ActiveCfg = Debug|Any CPU
		{57D1F5EF-346B-4AD8-ACCF-C208D9F5EC51}.Debug|Any CPU.Build.0 = Debug|Any CPU
		{57D1F5EF-346B-4AD8-ACCF-C208D9F5EC51}.Release|Any CPU.ActiveCfg = Release|Any CPU
		{57D1F5EF-346B-4AD8-ACCF-C208D9F5EC51}.Release|Any CPU.Build.0 = Release|Any CPU
	EndGlobalSection
	GlobalSection(SolutionProperties) = preSolution
		HideSolutionNode = FALSE
	EndGlobalSection
	GlobalSection(ExtensibilityGlobals) = postSolution
		SolutionGuid = {7F686DD3-7662-44FC-9DDC-B789BADC35C0}
	EndGlobalSection
EndGlobal
