
Microsoft Visual Studio Solution File, Format Version 12.00
# Visual Studio Version 17
VisualStudioVersion = 17.5.002.0
MinimumVisualStudioVersion = 10.0.40219.1
Project("{9A19103F-16F7-4668-BE54-9A1E7A4F7556}") = "Exercício 2", "Exercício 2.csproj", "{DB83C5EB-0CB7-48C6-8279-70BE38974369}"
EndProject
Global
	GlobalSection(SolutionConfigurationPlatforms) = preSolution
		Debug|Any CPU = Debug|Any CPU
		Release|Any CPU = Release|Any CPU
	EndGlobalSection
	GlobalSection(ProjectConfigurationPlatforms) = postSolution
		{DB83C5EB-0CB7-48C6-8279-70BE38974369}.Debug|Any CPU.ActiveCfg = Debug|Any CPU
		{DB83C5EB-0CB7-48C6-8279-70BE38974369}.Debug|Any CPU.Build.0 = Debug|Any CPU
		{DB83C5EB-0CB7-48C6-8279-70BE38974369}.Release|Any CPU.ActiveCfg = Release|Any CPU
		{DB83C5EB-0CB7-48C6-8279-70BE38974369}.Release|Any CPU.Build.0 = Release|Any CPU
	EndGlobalSection
	GlobalSection(SolutionProperties) = preSolution
		HideSolutionNode = FALSE
	EndGlobalSection
	GlobalSection(ExtensibilityGlobals) = postSolution
		SolutionGuid = {D94992F1-4F65-4C9E-8988-B45A28B49E69}
	EndGlobalSection
EndGlobal
