
Microsoft Visual Studio Solution File, Format Version 12.00
# Visual Studio Version 17
VisualStudioVersion = 17.9.34723.18
MinimumVisualStudioVersion = 10.0.40219.1
Project("{9A19103F-16F7-4668-BE54-9A1E7A4F7556}") = "TesteControle", "TesteControle.csproj", "{EFC00B80-BCBF-495E-95C5-CEAC569D239C}"
EndProject
Project("{FAE04EC0-301F-11D3-BF4B-00C04F79EFBC}") = "TesteControleUnitTest", "..\TesteControleUnitTest\TesteControleUnitTest.csproj", "{92E415F0-8979-41FA-BD72-033A899731C0}"
EndProject
Global
	GlobalSection(SolutionConfigurationPlatforms) = preSolution
		Debug|Any CPU = Debug|Any CPU
		Release|Any CPU = Release|Any CPU
	EndGlobalSection
	GlobalSection(ProjectConfigurationPlatforms) = postSolution
		{EFC00B80-BCBF-495E-95C5-CEAC569D239C}.Debug|Any CPU.ActiveCfg = Debug|Any CPU
		{EFC00B80-BCBF-495E-95C5-CEAC569D239C}.Debug|Any CPU.Build.0 = Debug|Any CPU
		{EFC00B80-BCBF-495E-95C5-CEAC569D239C}.Release|Any CPU.ActiveCfg = Release|Any CPU
		{EFC00B80-BCBF-495E-95C5-CEAC569D239C}.Release|Any CPU.Build.0 = Release|Any CPU
		{92E415F0-8979-41FA-BD72-033A899731C0}.Debug|Any CPU.ActiveCfg = Debug|Any CPU
		{92E415F0-8979-41FA-BD72-033A899731C0}.Debug|Any CPU.Build.0 = Debug|Any CPU
		{92E415F0-8979-41FA-BD72-033A899731C0}.Release|Any CPU.ActiveCfg = Release|Any CPU
		{92E415F0-8979-41FA-BD72-033A899731C0}.Release|Any CPU.Build.0 = Release|Any CPU
	EndGlobalSection
	GlobalSection(SolutionProperties) = preSolution
		HideSolutionNode = FALSE
	EndGlobalSection
	GlobalSection(ExtensibilityGlobals) = postSolution
		SolutionGuid = {AE81A6F1-D7FA-4032-8B70-3AA3B3130815}
	EndGlobalSection
EndGlobal
